
Microsoft Visual Studio Solution File, Format Version 12.00
# Visual Studio Version 17
VisualStudioVersion = 17.0.32112.339
MinimumVisualStudioVersion = 10.0.40219.1
Project("{FAE04EC0-301F-11D3-BF4B-00C04F79EFBC}") = "Client(正式版)", "Client(正式版)\Client(正式版).csproj", "{FA395277-123B-4CE8-88E5-70515AF98544}"
EndProject
Global
	GlobalSection(SolutionConfigurationPlatforms) = preSolution
		Debug|Any CPU = Debug|Any CPU
		Release|Any CPU = Release|Any CPU
	EndGlobalSection
	GlobalSection(ProjectConfigurationPlatforms) = postSolution
		{FA395277-123B-4CE8-88E5-70515AF98544}.Debug|Any CPU.ActiveCfg = Debug|Any CPU
		{FA395277-123B-4CE8-88E5-70515AF98544}.Debug|Any CPU.Build.0 = Debug|Any CPU
		{FA395277-123B-4CE8-88E5-70515AF98544}.Release|Any CPU.ActiveCfg = Release|Any CPU
		{FA395277-123B-4CE8-88E5-70515AF98544}.Release|Any CPU.Build.0 = Release|Any CPU
	EndGlobalSection
	GlobalSection(SolutionProperties) = preSolution
		HideSolutionNode = FALSE
	EndGlobalSection
	GlobalSection(ExtensibilityGlobals) = postSolution
		SolutionGuid = {6286D20B-EA86-402C-9638-2988DDA38F7B}
	EndGlobalSection
EndGlobal
