
Microsoft Visual Studio Solution File, Format Version 12.00
# Visual Studio Version 17
VisualStudioVersion = 17.0.32112.339
MinimumVisualStudioVersion = 10.0.40219.1
Project("{FAE04EC0-301F-11D3-BF4B-00C04F79EFBC}") = "Server(正式版)", "Server(正式版)\Server(正式版).csproj", "{717CBB41-FCD0-41F6-B209-BE2CD2A5BF44}"
EndProject
Global
	GlobalSection(SolutionConfigurationPlatforms) = preSolution
		Debug|Any CPU = Debug|Any CPU
		Release|Any CPU = Release|Any CPU
	EndGlobalSection
	GlobalSection(ProjectConfigurationPlatforms) = postSolution
		{717CBB41-FCD0-41F6-B209-BE2CD2A5BF44}.Debug|Any CPU.ActiveCfg = Debug|Any CPU
		{717CBB41-FCD0-41F6-B209-BE2CD2A5BF44}.Debug|Any CPU.Build.0 = Debug|Any CPU
		{717CBB41-FCD0-41F6-B209-BE2CD2A5BF44}.Release|Any CPU.ActiveCfg = Release|Any CPU
		{717CBB41-FCD0-41F6-B209-BE2CD2A5BF44}.Release|Any CPU.Build.0 = Release|Any CPU
	EndGlobalSection
	GlobalSection(SolutionProperties) = preSolution
		HideSolutionNode = FALSE
	EndGlobalSection
	GlobalSection(ExtensibilityGlobals) = postSolution
		SolutionGuid = {172FD318-6875-4098-97B6-FA4EC2DC730A}
	EndGlobalSection
EndGlobal
